// !$*UTF8*$!
{
	archiveVersion = 1;
	classes = {
	};
	objectVersion = 46;
	objects = {

/* Begin PBXBuildFile section */
		757787031D1D000700CAACE6 /* main.m in Sources */ = {isa = PBXBuildFile; fileRef = 757787021D1D000700CAACE6 /* main.m */; };
		757787061D1D000700CAACE6 /* AppDelegate.m in Sources */ = {isa = PBXBuildFile; fileRef = 757787051D1D000700CAACE6 /* AppDelegate.m */; };
		757787091D1D000700CAACE6 /* ViewController.m in Sources */ = {isa = PBXBuildFile; fileRef = 757787081D1D000700CAACE6 /* ViewController.m */; };
		7577870C1D1D000700CAACE6 /* Main.storyboard in Resources */ = {isa = PBXBuildFile; fileRef = 7577870A1D1D000700CAACE6 /* Main.storyboard */; };
		7577870E1D1D000700CAACE6 /* Assets.xcassets in Resources */ = {isa = PBXBuildFile; fileRef = 7577870D1D1D000700CAACE6 /* Assets.xcassets */; };
		757787111D1D000700CAACE6 /* LaunchScreen.storyboard in Resources */ = {isa = PBXBuildFile; fileRef = 7577870F1D1D000700CAACE6 /* LaunchScreen.storyboard */; };
		7577871A1D1D004200CAACE6 /* AAPLPreviewView.m in Sources */ = {isa = PBXBuildFile; fileRef = 757787191D1D004200CAACE6 /* AAPLPreviewView.m */; };
/* End PBXBuildFile section */

/* Begin PBXFileReference section */
		757786FE1D1D000700CAACE6 /* AVFoundationCaptureTheImageAndVideo.app */ = {isa = PBXFileReference; explicitFileType = wrapper.application; includeInIndex = 0; path = AVFoundationCaptureTheImageAndVideo.app; sourceTree = BUILT_PRODUCTS_DIR; };
		757787021D1D000700CAACE6 /* main.m */ = {isa = PBXFileReference; lastKnownFileType = sourcecode.c.objc; path = main.m; sourceTree = "<group>"; };
		757787041D1D000700CAACE6 /* AppDelegate.h */ = {isa = PBXFileReference; lastKnownFileType = sourcecode.c.h; path = AppDelegate.h; sourceTree = "<group>"; };
		757787051D1D000700CAACE6 /* AppDelegate.m */ = {isa = PBXFileReference; lastKnownFileType = sourcecode.c.objc; path = AppDelegate.m; sourceTree = "<group>"; };
		757787071D1D000700CAACE6 /* ViewController.h */ = {isa = PBXFileReference; lastKnownFileType = sourcecode.c.h; path = ViewController.h; sourceTree = "<group>"; };
		757787081D1D000700CAACE6 /* ViewController.m */ = {isa = PBXFileReference; lastKnownFileType = sourcecode.c.objc; path = ViewController.m; sourceTree = "<group>"; };
		7577870B1D1D000700CAACE6 /* Base */ = {isa = PBXFileReference; lastKnownFileType = file.storyboard; name = Base; path = Base.lproj/Main.storyboard; sourceTree = "<group>"; };
		7577870D1D1D000700CAACE6 /* Assets.xcassets */ = {isa = PBXFileReference; lastKnownFileType = folder.assetcatalog; path = Assets.xcassets; sourceTree = "<group>"; };
		757787101D1D000700CAACE6 /* Base */ = {isa = PBXFileReference; lastKnownFileType = file.storyboard; name = Base; path = Base.lproj/LaunchScreen.storyboard; sourceTree = "<group>"; };
		757787121D1D000700CAACE6 /* Info.plist */ = {isa = PBXFileReference; lastKnownFileType = text.plist.xml; path = Info.plist; sourceTree = "<group>"; };
		757787181D1D004200CAACE6 /* AAPLPreviewView.h */ = {isa = PBXFileReference; fileEncoding = 4; lastKnownFileType = sourcecode.c.h; path = AAPLPreviewView.h; sourceTree = "<group>"; };
		757787191D1D004200CAACE6 /* AAPLPreviewView.m */ = {isa = PBXFileReference; fileEncoding = 4; lastKnownFileType = sourcecode.c.objc; path = AAPLPreviewView.m; sourceTree = "<group>"; };
/* End PBXFileReference section */

/* Begin PBXFrameworksBuildPhase section */
		757786FB1D1D000700CAACE6 /* Frameworks */ = {
			isa = PBXFrameworksBuildPhase;
			buildActionMask = 2147483647;
			files = (
			);
			runOnlyForDeploymentPostprocessing = 0;
		};
/* End PBXFrameworksBuildPhase section */

/* Begin PBXGroup section */
		757786F51D1D000700CAACE6 = {
			isa = PBXGroup;
			children = (
				757787001D1D000700CAACE6 /* AVFoundationCaptureTheImageAndVideo */,
				757786FF1D1D000700CAACE6 /* Products */,
			);
			sourceTree = "<group>";
		};
		757786FF1D1D000700CAACE6 /* Products */ = {
			isa = PBXGroup;
			children = (
				757786FE1D1D000700CAACE6 /* AVFoundationCaptureTheImageAndVideo.app */,
			);
			name = Products;
			sourceTree = "<group>";
		};
		757787001D1D000700CAACE6 /* AVFoundationCaptureTheImageAndVideo */ = {
			isa = PBXGroup;
			children = (
				757787041D1D000700CAACE6 /* AppDelegate.h */,
				757787051D1D000700CAACE6 /* AppDelegate.m */,
				757787071D1D000700CAACE6 /* ViewController.h */,
				757787081D1D000700CAACE6 /* ViewController.m */,
				7577870A1D1D000700CAACE6 /* Main.storyboard */,
				7577870D1D1D000700CAACE6 /* Assets.xcassets */,
				7577870F1D1D000700CAACE6 /* LaunchScreen.storyboard */,
				757787121D1D000700CAACE6 /* Info.plist */,
				757787011D1D000700CAACE6 /* Supporting Files */,
				757787181D1D004200CAACE6 /* AAPLPreviewView.h */,
				757787191D1D004200CAACE6 /* AAPLPreviewView.m */,
			);
			path = AVFoundationCaptureTheImageAndVideo;
			sourceTree = "<group>";
		};
		757787011D1D000700CAACE6 /* Supporting Files */ = {
			isa = PBXGroup;
			children = (
				757787021D1D000700CAACE6 /* main.m */,
			);
			name = "Supporting Files";
			sourceTree = "<group>";
		};
/* End PBXGroup section */

/* Begin PBXNativeTarget section */
		757786FD1D1D000700CAACE6 /* AVFoundationCaptureTheImageAndVideo */ = {
			isa = PBXNativeTarget;
			buildConfigurationList = 757787151D1D000700CAACE6 /* Build configuration list for PBXNativeTarget "AVFoundationCaptureTheImageAndVideo" */;
			buildPhases = (
				757786FA1D1D000700CAACE6 /* Sources */,
				757786FB1D1D000700CAACE6 /* Frameworks */,
				757786FC1D1D000700CAACE6 /* Resources */,
			);
			buildRules = (
			);
			dependencies = (
			);
			name = AVFoundationCaptureTheImageAndVideo;
			productName = AVFoundationCaptureTheImageAndVideo;
			productReference = 757786FE1D1D000700CAACE6 /* AVFoundationCaptureTheImageAndVideo.app */;
			productType = "com.apple.product-type.application";
		};
/* End PBXNativeTarget section */

/* Begin PBXProject section */
		757786F61D1D000700CAACE6 /* Project object */ = {
			isa = PBXProject;
			attributes = {
				LastUpgradeCheck = 0720;
				ORGANIZATIONNAME = viper;
				TargetAttributes = {
					757786FD1D1D000700CAACE6 = {
						CreatedOnToolsVersion = 7.2.1;
					};
				};
			};
			buildConfigurationList = 757786F91D1D000700CAACE6 /* Build configuration list for PBXProject "AVFoundationCaptureTheImageAndVideo" */;
			compatibilityVersion = "Xcode 3.2";
			developmentRegion = English;
			hasScannedForEncodings = 0;
			knownRegions = (
				en,
				Base,
			);
			mainGroup = 757786F51D1D000700CAACE6;
			productRefGroup = 757786FF1D1D000700CAACE6 /* Products */;
			projectDirPath = "";
			projectRoot = "";
			targets = (
				757786FD1D1D000700CAACE6 /* AVFoundationCaptureTheImageAndVideo */,
			);
		};
/* End PBXProject section */

/* Begin PBXResourcesBuildPhase section */
		757786FC1D1D000700CAACE6 /* Resources */ = {
			isa = PBXResourcesBuildPhase;
			buildActionMask = 2147483647;
			files = (
				757787111D1D000700CAACE6 /* LaunchScreen.storyboard in Resources */,
				7577870E1D1D000700CAACE6 /* Assets.xcassets in Resources */,
				7577870C1D1D000700CAACE6 /* Main.storyboard in Resources */,
			);
			runOnlyForDeploymentPostprocessing = 0;
		};
/* End PBXResourcesBuildPhase section */

/* Begin PBXSourcesBuildPhase section */
		757786FA1D1D000700CAACE6 /* Sources */ = {
			isa = PBXSourcesBuildPhase;
			buildActionMask = 2147483647;
			files = (
				757787091D1D000700CAACE6 /* ViewController.m in Sources */,
				757787061D1D000700CAACE6 /* AppDelegate.m in Sources */,
				757787031D1D000700CAACE6 /* main.m in Sources */,
				7577871A1D1D004200CAACE6 /* AAPLPreviewView.m in Sources */,
			);
			runOnlyForDeploymentPostprocessing = 0;
		};
/* End PBXSourcesBuildPhase section */

/* Begin PBXVariantGroup section */
		7577870A1D1D000700CAACE6 /* Main.storyboard */ = {
			isa = PBXVariantGroup;
			children = (
				7577870B1D1D000700CAACE6 /* Base */,
			);
			name = Main.storyboard;
			sourceTree = "<group>";
		};
		7577870F1D1D000700CAACE6 /* LaunchScreen.storyboard */ = {
			isa = PBXVariantGroup;
			children = (
				757787101D1D000700CAACE6 /* Base */,
			);
			name = LaunchScreen.storyboard;
			sourceTree = "<group>";
		};
/* End PBXVariantGroup section */

/* Begin XCBuildConfiguration section */
		757787131D1D000700CAACE6 /* Debug */ = {
			isa = XCBuildConfiguration;
			buildSettings = {
				ALWAYS_SEARCH_USER_PATHS = NO;
				CLANG_CXX_LANGUAGE_STANDARD = "gnu++0x";
				CLANG_CXX_LIBRARY = "libc++";
				CLANG_ENABLE_MODULES = YES;
				CLANG_ENABLE_OBJC_ARC = YES;
				CLANG_WARN_BOOL_CONVERSION = YES;
				CLANG_WARN_CONSTANT_CONVERSION = YES;
				CLANG_WARN_DIRECT_OBJC_ISA_USAGE = YES_ERROR;
				CLANG_WARN_EMPTY_BODY = YES;
				CLANG_WARN_ENUM_CONVERSION = YES;
				CLANG_WARN_INT_CONVERSION = YES;
				CLANG_WARN_OBJC_ROOT_CLASS = YES_ERROR;
				CLANG_WARN_UNREACHABLE_CODE = YES;
				CLANG_WARN__DUPLICATE_METHOD_MATCH = YES;
				"CODE_SIGN_IDENTITY[sdk=iphoneos*]" = "iPhone Developer";
				COPY_PHASE_STRIP = NO;
				DEBUG_INFORMATION_FORMAT = dwarf;
				ENABLE_STRICT_OBJC_MSGSEND = YES;
				ENABLE_TESTABILITY = YES;
				GCC_C_LANGUAGE_STANDARD = gnu99;
				GCC_DYNAMIC_NO_PIC = NO;
				GCC_NO_COMMON_BLOCKS = YES;
				GCC_OPTIMIZATION_LEVEL = 0;
				GCC_PREPROCESSOR_DEFINITIONS = (
					"DEBUG=1",
					"$(inherited)",
				);
				GCC_WARN_64_TO_32_BIT_CONVERSION = YES;
				GCC_WARN_ABOUT_RETURN_TYPE = YES_ERROR;
				GCC_WARN_UNDECLARED_SELECTOR = YES;
				GCC_WARN_UNINITIALIZED_AUTOS = YES_AGGRESSIVE;
				GCC_WARN_UNUSED_FUNCTION = YES;
				GCC_WARN_UNUSED_VARIABLE = YES;
				IPHONEOS_DEPLOYMENT_TARGET = 9.2;
				MTL_ENABLE_DEBUG_INFO = YES;
				ONLY_ACTIVE_ARCH = YES;
				SDKROOT = iphoneos;
				TARGETED_DEVICE_FAMILY = "1,2";
			};
			name = Debug;
		};
		757787141D1D000700CAACE6 /* Release */ = {
			isa = XCBuildConfiguration;
			buildSettings = {
				ALWAYS_SEARCH_USER_PATHS = NO;
				CLANG_CXX_LANGUAGE_STANDARD = "gnu++0x";
				CLANG_CXX_LIBRARY = "libc++";
				CLANG_ENABLE_MODULES = YES;
				CLANG_ENABLE_OBJC_ARC = YES;
				CLANG_WARN_BOOL_CONVERSION = YES;
				CLANG_WARN_CONSTANT_CONVERSION = YES;
				CLANG_WARN_DIRECT_OBJC_ISA_USAGE = YES_ERROR;
				CLANG_WARN_EMPTY_BODY = YES;
				CLANG_WARN_ENUM_CONVERSION = YES;
				CLANG_WARN_INT_CONVERSION = YES;
				CLANG_WARN_OBJC_ROOT_CLASS = YES_ERROR;
				CLANG_WARN_UNREACHABLE_CODE = YES;
				CLANG_WARN__DUPLICATE_METHOD_MATCH = YES;
				"CODE_SIGN_IDENTITY[sdk=iphoneos*]" = "iPhone Developer";
				COPY_PHASE_STRIP = NO;
				DEBUG_INFORMATION_FORMAT = "dwarf-with-dsym";
				ENABLE_NS_ASSERTIONS = NO;
				ENABLE_STRICT_OBJC_MSGSEND = YES;
				GCC_C_LANGUAGE_STANDARD = gnu99;
				GCC_NO_COMMON_BLOCKS = YES;
				GCC_WARN_64_TO_32_BIT_CONVERSION = YES;
				GCC_WARN_ABOUT_RETURN_TYPE = YES_ERROR;
				GCC_WARN_UNDECLARED_SELECTOR = YES;
				GCC_WARN_UNINITIALIZED_AUTOS = YES_AGGRESSIVE;
				GCC_WARN_UNUSED_FUNCTION = YES;
				GCC_WARN_UNUSED_VARIABLE = YES;
				IPHONEOS_DEPLOYMENT_TARGET = 9.2;
				MTL_ENABLE_DEBUG_INFO = NO;
				SDKROOT = iphoneos;
				TARGETED_DEVICE_FAMILY = "1,2";
				VALIDATE_PRODUCT = YES;
			};
			name = Release;
		};
		757787161D1D000700CAACE6 /* Debug */ = {
			isa = XCBuildConfiguration;
			buildSettings = {
				ASSETCATALOG_COMPILER_APPICON_NAME = AppIcon;
				INFOPLIST_FILE = AVFoundationCaptureTheImageAndVideo/Info.plist;
				IPHONEOS_DEPLOYMENT_TARGET = 7.1;
				LD_RUNPATH_SEARCH_PATHS = "$(inherited) @executable_path/Frameworks";
				PRODUCT_BUNDLE_IDENTIFIER = com.viper.AVFoundationCaptureTheImageAndVideo;
				PRODUCT_NAME = "$(TARGET_NAME)";
			};
			name = Debug;
		};
		757787171D1D000700CAACE6 /* Release */ = {
			isa = XCBuildConfiguration;
			buildSettings = {
				ASSETCATALOG_COMPILER_APPICON_NAME = AppIcon;
				INFOPLIST_FILE = AVFoundationCaptureTheImageAndVideo/Info.plist;
				IPHONEOS_DEPLOYMENT_TARGET = 7.1;
				LD_RUNPATH_SEARCH_PATHS = "$(inherited) @executable_path/Frameworks";
				PRODUCT_BUNDLE_IDENTIFIER = com.viper.AVFoundationCaptureTheImageAndVideo;
				PRODUCT_NAME = "$(TARGET_NAME)";
			};
			name = Release;
		};
/* End XCBuildConfiguration section */

/* Begin XCConfigurationList section */
		757786F91D1D000700CAACE6 /* Build configuration list for PBXProject "AVFoundationCaptureTheImageAndVideo" */ = {
			isa = XCConfigurationList;
			buildConfigurations = (
				757787131D1D000700CAACE6 /* Debug */,
				757787141D1D000700CAACE6 /* Release */,
			);
			defaultConfigurationIsVisible = 0;
			defaultConfigurationName = Release;
		};
		757787151D1D000700CAACE6 /* Build configuration list for PBXNativeTarget "AVFoundationCaptureTheImageAndVideo" */ = {
			isa = XCConfigurationList;
			buildConfigurations = (
				757787161D1D000700CAACE6 /* Debug */,
				757787171D1D000700CAACE6 /* Release */,
			);
			defaultConfigurationIsVisible = 0;
		};
/* End XCConfigurationList section */
	};
	rootObject = 757786F61D1D000700CAACE6 /* Project object */;
}
